
Microsoft Visual Studio Solution File, Format Version 12.00
# Visual Studio Version 17
VisualStudioVersion = 17.1.32407.343
MinimumVisualStudioVersion = 10.0.40219.1
Project("{9A19103F-16F7-4668-BE54-9A1E7A4F7556}") = "RPG", "RPG.csproj", "{3BC73E78-8317-46C7-88F4-DCD2785E91EF}"
EndProject
Global
	GlobalSection(SolutionConfigurationPlatforms) = preSolution
		Debug|Any CPU = Debug|Any CPU
		Release|Any CPU = Release|Any CPU
	EndGlobalSection
	GlobalSection(ProjectConfigurationPlatforms) = postSolution
		{3BC73E78-8317-46C7-88F4-DCD2785E91EF}.Debug|Any CPU.ActiveCfg = Debug|Any CPU
		{3BC73E78-8317-46C7-88F4-DCD2785E91EF}.Debug|Any CPU.Build.0 = Debug|Any CPU
		{3BC73E78-8317-46C7-88F4-DCD2785E91EF}.Release|Any CPU.ActiveCfg = Release|Any CPU
		{3BC73E78-8317-46C7-88F4-DCD2785E91EF}.Release|Any CPU.Build.0 = Release|Any CPU
	EndGlobalSection
	GlobalSection(SolutionProperties) = preSolution
		HideSolutionNode = FALSE
	EndGlobalSection
	GlobalSection(ExtensibilityGlobals) = postSolution
		SolutionGuid = {115FE4C4-774C-4FC7-8E92-DC7D18152894}
	EndGlobalSection
EndGlobal
